
Microsoft Visual Studio Solution File, Format Version 12.00
# Visual Studio Version 17
VisualStudioVersion = 17.5.33502.453
MinimumVisualStudioVersion = 10.0.40219.1
Project("{FAE04EC0-301F-11D3-BF4B-00C04F79EFBC}") = "CollectionsProblem", "CollectionsProblem.csproj", "{D8C14969-B9E0-41CE-96D7-AE16749B7C4F}"
EndProject
Global
	GlobalSection(SolutionConfigurationPlatforms) = preSolution
		Debug|Any CPU = Debug|Any CPU
		Release|Any CPU = Release|Any CPU
	EndGlobalSection
	GlobalSection(ProjectConfigurationPlatforms) = postSolution
		{D8C14969-B9E0-41CE-96D7-AE16749B7C4F}.Debug|Any CPU.ActiveCfg = Debug|Any CPU
		{D8C14969-B9E0-41CE-96D7-AE16749B7C4F}.Debug|Any CPU.Build.0 = Debug|Any CPU
		{D8C14969-B9E0-41CE-96D7-AE16749B7C4F}.Release|Any CPU.ActiveCfg = Release|Any CPU
		{D8C14969-B9E0-41CE-96D7-AE16749B7C4F}.Release|Any CPU.Build.0 = Release|Any CPU
	EndGlobalSection
	GlobalSection(SolutionProperties) = preSolution
		HideSolutionNode = FALSE
	EndGlobalSection
	GlobalSection(ExtensibilityGlobals) = postSolution
		SolutionGuid = {76BEFA24-1871-4DAB-881E-F7DA6D53BE70}
	EndGlobalSection
EndGlobal
